<?xml version="1.0" encoding="utf-8"?>
<Project ToolsVersion="4.0" xmlns="http://schemas.microsoft.com/developer/msbuild/2003">
  <ItemGroup>
    <ClCompile Include="main.cpp" />
    <ClCompile Include="Hue\bridgeConnectionHandler.cpp">
      <Filter>Hue\Source Files</Filter>
    </ClCompile>
    <ClCompile Include="Hue\bridgeConnectionNotifier.cpp">
      <Filter>Hue\Source Files</Filter>
    </ClCompile>
    <ClCompile Include="Qt\cameraImageViewfinder.cpp">
      <Filter>Qt\Source FIles</Filter>
    </ClCompile>
    <ClCompile Include="Qt\cameraCapture.cpp">
      <Filter>Qt\Source FIles</Filter>
    </ClCompile>
    <ClCompile Include="Qt\startWindow.cpp">
      <Filter>Qt\Source FIles</Filter>
    </ClCompile>
    <ClCompile Include="Hue\colour.cpp">
      <Filter>Hue\Source Files</Filter>
    </ClCompile>
    <ClCompile Include="Hue\colourGroup.cpp">
      <Filter>Hue\Source Files</Filter>
    </ClCompile>
    <ClCompile Include="Hue\colourArea.cpp">
      <Filter>Hue\Source Files</Filter>
    </ClCompile>
    <ClCompile Include="Hue\area.cpp">
      <Filter>Hue\Source Files</Filter>
    </ClCompile>
    <ClCompile Include="Qt\mainWindow.cpp">
      <Filter>Qt\Source FIles</Filter>
    </ClCompile>
    <ClCompile Include="Qt\hueBridgeListModel.cpp">
      <Filter>Qt\Source FIles</Filter>
    </ClCompile>
    <ClCompile Include="Qt\hubConnectDialog.cpp">
      <Filter>Qt\Source FIles</Filter>
    </ClCompile>
    <ClCompile Include="Hue\bridgeConnectionHandlerInstance.cpp">
      <Filter>Hue\Source Files</Filter>
    </ClCompile>
    <ClCompile Include="Qt\qThreadLambda.cpp">
      <Filter>Hue\Source Files</Filter>
    </ClCompile>
    <ClCompile Include="GeneratedFiles\moc_hubConnectDialog.cpp">
      <Filter>Qt\Generated</Filter>
    </ClCompile>
    <ClCompile Include="Qt\entertainmentGroupConnectDialog.cpp">
      <Filter>Qt\Source FIles</Filter>
    </ClCompile>
    <ClCompile Include="Qt\entertainmentGroupListModel.cpp">
      <Filter>Qt\Source FIles</Filter>
    </ClCompile>
    <ClCompile Include="GeneratedFiles\moc_entertainmentGroupConnectDialog.cpp">
      <Filter>Qt\Generated</Filter>
    </ClCompile>
    <ClCompile Include="GeneratedFiles\moc_mainWindow.cpp">
      <Filter>Qt\Generated</Filter>
    </ClCompile>
    <ClCompile Include="Qt\optionsDialog.cpp">
      <Filter>Qt\Source FIles</Filter>
    </ClCompile>
    <ClCompile Include="GeneratedFiles\moc_optionsDialog.cpp">
      <Filter>Qt\Generated</Filter>
    </ClCompile>
    <ClCompile Include="GeneratedFiles\moc_cameraCapture.cpp">
      <Filter>Qt\Generated</Filter>
    </ClCompile>
    <ClCompile Include="GeneratedFiles\moc_cameraImageViewfinder.cpp">
      <Filter>Qt\Generated</Filter>
    </ClCompile>
    <ClCompile Include="Qt\monitoring.cpp">
      <Filter>Qt\Source FIles</Filter>
    </ClCompile>
    <ClCompile Include="Qt\timing.cpp">
      <Filter>Qt\Source FIles</Filter>
    </ClCompile>
    <ClCompile Include="Qt\performanceItemModel.cpp">
      <Filter>Qt\Source FIles</Filter>
    </ClCompile>
    <ClCompile Include="Qt\timingsDialog.cpp">
      <Filter>Qt\Source FIles</Filter>
    </ClCompile>
  </ItemGroup>
  <ItemGroup>
    <Filter Include="Hue">
      <UniqueIdentifier>{dc7b9c2b-187b-468b-b638-bace3df86b42}</UniqueIdentifier>
    </Filter>
    <Filter Include="Hue\Header Files">
      <UniqueIdentifier>{956cffcb-f9c5-49cc-ab96-0cbaafaa7fad}</UniqueIdentifier>
    </Filter>
    <Filter Include="Hue\Source Files">
      <UniqueIdentifier>{a478d3e7-1fad-4b6c-ad73-694400409e59}</UniqueIdentifier>
      <Extensions>cpp;cc</Extensions>
    </Filter>
    <Filter Include="Qt">
      <UniqueIdentifier>{f5f46722-d5c8-44ef-b08a-6d29e6ac3406}</UniqueIdentifier>
    </Filter>
    <Filter Include="Qt\Header Files">
      <UniqueIdentifier>{84188961-486d-4ed6-a1a5-1cd15ebf9c46}</UniqueIdentifier>
      <Extensions>h;hpp</Extensions>
    </Filter>
    <Filter Include="Qt\Generated">
      <UniqueIdentifier>{c14480e9-0c81-41f3-b4ff-31ffa445f22e}</UniqueIdentifier>
    </Filter>
    <Filter Include="Qt\Source FIles">
      <UniqueIdentifier>{3a7c71c1-927b-49d7-9e3d-938a9f7a5c6d}</UniqueIdentifier>
      <Extensions>cpp;cc</Extensions>
    </Filter>
    <Filter Include="Qt\UI Files">
      <UniqueIdentifier>{62abdbda-ad93-46df-b824-48901230c8eb}</UniqueIdentifier>
      <Extensions>ui</Extensions>
    </Filter>
    <Filter Include="Application">
      <UniqueIdentifier>{ecda5ebc-687c-4310-90c1-3b95e0a1c2a4}</UniqueIdentifier>
    </Filter>
    <Filter Include="Application\Header Files">
      <UniqueIdentifier>{c5ab8574-c9fb-434d-88d3-2ac8197c4d8a}</UniqueIdentifier>
      <Extensions>h;hpp</Extensions>
    </Filter>
    <Filter Include="Application\Source Files">
      <UniqueIdentifier>{4c91896a-f978-48fa-a23d-0f24e8dee1a0}</UniqueIdentifier>
      <Extensions>cpp;cc</Extensions>
    </Filter>
  </ItemGroup>
  <ItemGroup>
    <ClInclude Include="Hue\abstractBridgeConnectionNotifier.h">
      <Filter>Hue\Header Files</Filter>
    </ClInclude>
    <ClInclude Include="Hue\bridgeConnectionHandler.h">
      <Filter>Hue\Header Files</Filter>
    </ClInclude>
    <ClInclude Include="Hue\bridgeConnectionNotifier.h">
      <Filter>Hue\Header Files</Filter>
    </ClInclude>
    <ClInclude Include="Qt\startWindow.h">
      <Filter>Qt\Header Files</Filter>
    </ClInclude>
    <ClInclude Include="Hue\colour.h">
      <Filter>Hue\Header Files</Filter>
    </ClInclude>
    <ClInclude Include="Hue\colourGroup.h">
      <Filter>Hue\Header Files</Filter>
    </ClInclude>
    <ClInclude Include="Hue\colourArea.h">
      <Filter>Hue\Header Files</Filter>
    </ClInclude>
    <ClInclude Include="Hue\area.h">
      <Filter>Hue\Header Files</Filter>
    </ClInclude>
    <ClInclude Include="GeneratedFiles\ui_mainWindow.h">
      <Filter>Qt\Generated</Filter>
    </ClInclude>
    <ClInclude Include="Qt\hueBridgeListModel.h">
      <Filter>Qt\Header Files</Filter>
    </ClInclude>
    <ClInclude Include="GeneratedFiles\ui_hubConnectDialog.h">
      <Filter>Qt\Generated</Filter>
    </ClInclude>
    <ClInclude Include="Hue\bridgeConnectionHandlerInstance.h">
      <Filter>Hue\Header Files</Filter>
    </ClInclude>
    <ClInclude Include="Qt\qThreadLambda.h">
      <Filter>Qt\Header Files</Filter>
    </ClInclude>
    <ClInclude Include="GeneratedFiles\ui_entertainmentGroupConnectDialog.h">
      <Filter>Qt\Generated</Filter>
    </ClInclude>
    <ClInclude Include="Qt\entertainmentGroupListModel.h">
      <Filter>Qt\Header Files</Filter>
    </ClInclude>
    <ClInclude Include="Qt\monitoring.h">
      <Filter>Qt\Header Files</Filter>
    </ClInclude>
    <ClInclude Include="Qt\timing.h">
      <Filter>Qt\Header Files</Filter>
    </ClInclude>
    <ClInclude Include="Qt\performanceItemModel.h">
      <Filter>Qt\Header Files</Filter>
    </ClInclude>
    <ClInclude Include="GeneratedFiles\ui_timingsDialog.h">
      <Filter>Qt\Generated</Filter>
    </ClInclude>
    <ClInclude Include="Qt\timingsDialog.h">
      <Filter>Qt\Header Files</Filter>
    </ClInclude>
  </ItemGroup>
  <ItemGroup>
    <QtMoc Include="Qt\cameraImageViewfinder.h">
      <Filter>Qt\Header Files</Filter>
    </QtMoc>
    <QtMoc Include="Qt\cameraCapture.h">
      <Filter>Qt\Header Files</Filter>
    </QtMoc>
    <QtMoc Include="Qt\hubConnectDialog.h">
      <Filter>Qt\Header Files</Filter>
    </QtMoc>
    <QtMoc Include="Qt\entertainmentGroupConnectDialog.h">
      <Filter>Qt\Header Files</Filter>
    </QtMoc>
    <QtMoc Include="Qt\mainWindow.h">
      <Filter>Qt\Header Files</Filter>
    </QtMoc>
    <QtMoc Include="Qt\optionsDialog.h">
      <Filter>Qt\Header Files</Filter>
    </QtMoc>
  </ItemGroup>
  <ItemGroup>
    <QtUic Include="Qt\mainWindow.ui">
      <Filter>Qt\UI Files</Filter>
    </QtUic>
    <QtUic Include="Qt\hubConnectDialog.ui">
      <Filter>Qt\UI Files</Filter>
    </QtUic>
    <QtUic Include="Qt\entertainmentGroupConnectDialog.ui">
      <Filter>Qt\UI Files</Filter>
    </QtUic>
    <QtUic Include="Qt\optionsDialog.ui">
      <Filter>Qt\UI Files</Filter>
    </QtUic>
    <QtUic Include="Qt\timingsDialog.ui">
      <Filter>Qt\UI Files</Filter>
    </QtUic>
  </ItemGroup>
</Project>