<?xml version="1.0" encoding="utf-8"?>
<Project ToolsVersion="4.0" xmlns="http://schemas.microsoft.com/developer/msbuild/2003">
  <ItemGroup>
    <ClCompile Include="main.cpp" />
    <ClCompile Include="Hue\bridgeConnectionHandler.cpp">
      <Filter>Hue\Source Files</Filter>
    </ClCompile>
    <ClCompile Include="Hue\bridgeConnectionNotifier.cpp">
      <Filter>Hue\Source Files</Filter>
    </ClCompile>
    <ClCompile Include="Qt\cameraImageViewfinder.cpp">
      <Filter>Qt\Source Files</Filter>
    </ClCompile>
    <ClCompile Include="Qt\cameraCapture.cpp">
      <Filter>Qt\Source Files</Filter>
    </ClCompile>
    <ClCompile Include="Qt\startWindow.cpp">
      <Filter>Qt\Source Files</Filter>
    </ClCompile>
    <ClCompile Include="Hue\colour.cpp">
      <Filter>Hue\Source Files</Filter>
    </ClCompile>
    <ClCompile Include="Hue\colourGroup.cpp">
      <Filter>Hue\Source Files</Filter>
    </ClCompile>
    <ClCompile Include="Hue\colourArea.cpp">
      <Filter>Qt\Source Files</Filter>
    </ClCompile>
    <ClCompile Include="Hue\area.cpp">
      <Filter>Hue\Source Files</Filter>
    </ClCompile>
    <ClCompile Include="Qt\mainWindow.cpp">
      <Filter>Qt\Source Files</Filter>
    </ClCompile>
    <ClCompile Include="Qt\hueBridgeListModel.cpp">
      <Filter>Qt\Source Files</Filter>
    </ClCompile>
    <ClCompile Include="Qt\hubConnectDialog.cpp">
      <Filter>Qt\Source Files</Filter>
    </ClCompile>
    <ClCompile Include="Hue\bridgeConnectionHandlerInstance.cpp">
      <Filter>Hue\Source Files</Filter>
    </ClCompile>
    <ClCompile Include="GeneratedFiles\moc_hubConnectDialog.cpp">
      <Filter>Qt\Generated</Filter>
    </ClCompile>
    <ClCompile Include="Qt\qThreadLambda.cpp">
      <Filter>Qt\Source Files</Filter>
    </ClCompile>
    <ClCompile Include="Qt\entertainmentGroupConnectDialog.cpp">
      <Filter>Qt\Source Files</Filter>
    </ClCompile>
    <ClCompile Include="Qt\entertainmentGroupListModel.cpp">
      <Filter>Qt\Source Files</Filter>
    </ClCompile>
    <ClCompile Include="GeneratedFiles\moc_entertainmentGroupConnectDialog.cpp">
      <Filter>Qt\Generated</Filter>
    </ClCompile>
    <ClCompile Include="GeneratedFiles\moc_mainWindow.cpp">
      <Filter>Qt\Generated</Filter>
    </ClCompile>
    <ClCompile Include="GeneratedFiles\moc_cameraCapture.cpp">
      <Filter>Qt\Generated</Filter>
    </ClCompile>
    <ClCompile Include="GeneratedFiles\moc_cameraImageViewfinder.cpp">
      <Filter>Qt\Generated</Filter>
    </ClCompile>
    <ClCompile Include="GeneratedFiles\moc_optionsDialog.cpp">
      <Filter>Qt\Generated</Filter>
    </ClCompile>
    <ClCompile Include="Qt\optionsDialog.cpp">
      <Filter>Qt\Source Files</Filter>
    </ClCompile>
    <ClCompile Include="Qt\timing.cpp">
      <Filter>Qt\Source Files</Filter>
    </ClCompile>
    <ClCompile Include="Qt\monitoring.cpp">
      <Filter>Qt\Source Files</Filter>
    </ClCompile>
    <ClCompile Include="Qt\performanceItemModel.cpp">
      <Filter>Qt\Source Files</Filter>
    </ClCompile>
  </ItemGroup>
  <ItemGroup>
    <Filter Include="Hue">
      <UniqueIdentifier>{9d1f700f-812d-480d-aa51-3c841fc637ec}</UniqueIdentifier>
    </Filter>
    <Filter Include="Hue\Header Files">
      <UniqueIdentifier>{0fcfd7b1-acd7-45be-937c-fa62f2f95415}</UniqueIdentifier>
      <Extensions>h;hpp</Extensions>
    </Filter>
    <Filter Include="Hue\Source Files">
      <UniqueIdentifier>{becec488-ecea-4ab1-aae3-3a96d034d602}</UniqueIdentifier>
      <Extensions>cpp;cc</Extensions>
    </Filter>
    <Filter Include="Qt">
      <UniqueIdentifier>{d383e145-e2e7-4320-a8ef-7f3c6b774b47}</UniqueIdentifier>
    </Filter>
    <Filter Include="Qt\Source Files">
      <UniqueIdentifier>{d87b97d3-a1cf-4b3b-b058-cc7b89f15c4b}</UniqueIdentifier>
      <Extensions>cpp;cc</Extensions>
    </Filter>
    <Filter Include="Qt\Generated">
      <UniqueIdentifier>{a67f0e6f-c49d-49fa-8e20-a18769651f8e}</UniqueIdentifier>
    </Filter>
    <Filter Include="Qt\Header Files">
      <UniqueIdentifier>{79e24305-3b93-4a9c-b9e2-2c304f1d2cc3}</UniqueIdentifier>
      <Extensions>h;hpp</Extensions>
    </Filter>
    <Filter Include="Application">
      <UniqueIdentifier>{26b9e068-0198-4412-b59f-d4ad2e04d020}</UniqueIdentifier>
    </Filter>
    <Filter Include="Application\Header Files">
      <UniqueIdentifier>{2bf56aaf-a1fb-4cee-ada2-ad7f1434e4b4}</UniqueIdentifier>
      <Extensions>h;hpp</Extensions>
    </Filter>
    <Filter Include="Application\Source Files">
      <UniqueIdentifier>{ea1c90a1-f058-48ab-b5c3-e4e56013f756}</UniqueIdentifier>
      <Extensions>cpp;cc</Extensions>
    </Filter>
  </ItemGroup>
  <ItemGroup>
    <ClInclude Include="Hue\bridgeConnectionHandler.h">
      <Filter>Hue\Header Files</Filter>
    </ClInclude>
    <ClInclude Include="Hue\abstractBridgeConnectionNotifier.h">
      <Filter>Hue\Header Files</Filter>
    </ClInclude>
    <ClInclude Include="Hue\bridgeConnectionNotifier.h">
      <Filter>Hue\Header Files</Filter>
    </ClInclude>
    <ClInclude Include="Qt\cameraImageViewfinder.h">
      <Filter>Qt\Header Files</Filter>
    </ClInclude>
    <ClInclude Include="Qt\cameraCapture.h">
      <Filter>Qt\Header Files</Filter>
    </ClInclude>
    <ClInclude Include="Qt\startWindow.h">
      <Filter>Qt\Header Files</Filter>
    </ClInclude>
    <ClInclude Include="Hue\colour.h">
      <Filter>Hue\Header Files</Filter>
    </ClInclude>
    <ClInclude Include="Hue\colourGroup.h">
      <Filter>Hue\Header Files</Filter>
    </ClInclude>
    <ClInclude Include="Hue\colourArea.h">
      <Filter>Hue\Header Files</Filter>
    </ClInclude>
    <ClInclude Include="Hue\area.h">
      <Filter>Hue\Header Files</Filter>
    </ClInclude>
    <ClInclude Include="GeneratedFiles\ui_mainWindow.h">
      <Filter>Qt\Generated</Filter>
    </ClInclude>
    <ClInclude Include="Qt\mainWindow.h">
      <Filter>Qt\Header Files</Filter>
    </ClInclude>
    <ClInclude Include="Qt\hueBridgeListModel.h">
      <Filter>Qt\Header Files</Filter>
    </ClInclude>
    <ClInclude Include="GeneratedFiles\ui_hubConnectDialog.h">
      <Filter>Qt\Generated</Filter>
    </ClInclude>
    <ClInclude Include="Qt\hubConnectDialog.h">
      <Filter>Qt\Header Files</Filter>
    </ClInclude>
    <ClInclude Include="Hue\bridgeConnectionHandlerInstance.h">
      <Filter>Hue\Header Files</Filter>
    </ClInclude>
    <ClInclude Include="Qt\qThreadLambda.h">
      <Filter>Qt\Header Files</Filter>
    </ClInclude>
    <ClInclude Include="GeneratedFiles\ui_entertainmentGroupConnectDialog.h">
      <Filter>Qt\Generated</Filter>
    </ClInclude>
    <ClInclude Include="Qt\entertainmentGroupConnectDialog.h">
      <Filter>Qt\Header Files</Filter>
    </ClInclude>
    <ClInclude Include="Qt\entertainmentGroupListModel.h">
      <Filter>Qt\Header Files</Filter>
    </ClInclude>
    <ClInclude Include="GeneratedFiles\ui_optionsDialog.h">
      <Filter>Qt\Generated</Filter>
    </ClInclude>
    <ClInclude Include="Qt\optionsDialog.h">
      <Filter>Qt\Header Files</Filter>
    </ClInclude>
    <ClInclude Include="Qt\timing.h">
      <Filter>Qt\Header Files</Filter>
    </ClInclude>
    <ClInclude Include="Qt\monitoring.h">
      <Filter>Qt\Header Files</Filter>
    </ClInclude>
    <ClInclude Include="GeneratedFiles\ui_timingsDialog.h">
      <Filter>Qt\Generated</Filter>
    </ClInclude>
    <ClInclude Include="Qt\performanceItemModel.h">
      <Filter>Qt\Header Files</Filter>
    </ClInclude>
  </ItemGroup>
</Project>